// !$*UTF8*$!
{
	archiveVersion = 1;
	classes = {
	};
	objectVersion = 46;
	objects = {

/* Begin PBXBuildFile section */
		4FC3F76F1C8A7FAE007E81BD /* AppDelegate.swift in Sources */ = {isa = PBXBuildFile; fileRef = 4FC3F76E1C8A7FAE007E81BD /* AppDelegate.swift */; };
		4FC3F7711C8A7FAE007E81BD /* ViewController.swift in Sources */ = {isa = PBXBuildFile; fileRef = 4FC3F7701C8A7FAE007E81BD /* ViewController.swift */; };
		4FC3F7741C8A7FAE007E81BD /* Main.storyboard in Resources */ = {isa = PBXBuildFile; fileRef = 4FC3F7721C8A7FAE007E81BD /* Main.storyboard */; };
		4FC3F7761C8A7FAE007E81BD /* Assets.xcassets in Resources */ = {isa = PBXBuildFile; fileRef = 4FC3F7751C8A7FAE007E81BD /* Assets.xcassets */; };
		4FC3F7791C8A7FAE007E81BD /* LaunchScreen.storyboard in Resources */ = {isa = PBXBuildFile; fileRef = 4FC3F7771C8A7FAE007E81BD /* LaunchScreen.storyboard */; };
		4FC3F7841C8A7FAE007E81BD /* MotivationAppTests.swift in Sources */ = {isa = PBXBuildFile; fileRef = 4FC3F7831C8A7FAE007E81BD /* MotivationAppTests.swift */; };
/* End PBXBuildFile section */

/* Begin PBXContainerItemProxy section */
		4FC3F7801C8A7FAE007E81BD /* PBXContainerItemProxy */ = {
			isa = PBXContainerItemProxy;
			containerPortal = 4FC3F7631C8A7FAD007E81BD /* Project object */;
			proxyType = 1;
			remoteGlobalIDString = 4FC3F76A1C8A7FAE007E81BD;
			remoteInfo = MotivationApp;
		};
/* End PBXContainerItemProxy section */

/* Begin PBXFileReference section */
		4FC3F76B1C8A7FAE007E81BD /* MotivationApp.app */ = {isa = PBXFileReference; explicitFileType = wrapper.application; includeInIndex = 0; path = MotivationApp.app; sourceTree = BUILT_PRODUCTS_DIR; };
		4FC3F76E1C8A7FAE007E81BD /* AppDelegate.swift */ = {isa = PBXFileReference; lastKnownFileType = sourcecode.swift; path = AppDelegate.swift; sourceTree = "<group>"; };
		4FC3F7701C8A7FAE007E81BD /* ViewController.swift */ = {isa = PBXFileReference; lastKnownFileType = sourcecode.swift; path = ViewController.swift; sourceTree = "<group>"; };
		4FC3F7731C8A7FAE007E81BD /* Base */ = {isa = PBXFileReference; lastKnownFileType = file.storyboard; name = Base; path = Base.lproj/Main.storyboard; sourceTree = "<group>"; };
		4FC3F7751C8A7FAE007E81BD /* Assets.xcassets */ = {isa = PBXFileReference; lastKnownFileType = folder.assetcatalog; path = Assets.xcassets; sourceTree = "<group>"; };
		4FC3F7781C8A7FAE007E81BD /* Base */ = {isa = PBXFileReference; lastKnownFileType = file.storyboard; name = Base; path = Base.lproj/LaunchScreen.storyboard; sourceTree = "<group>"; };
		4FC3F77A1C8A7FAE007E81BD /* Info.plist */ = {isa = PBXFileReference; lastKnownFileType = text.plist.xml; path = Info.plist; sourceTree = "<group>"; };
		4FC3F77F1C8A7FAE007E81BD /* MotivationAppTests.xctest */ = {isa = PBXFileReference; explicitFileType = wrapper.cfbundle; includeInIndex = 0; path = MotivationAppTests.xctest; sourceTree = BUILT_PRODUCTS_DIR; };
		4FC3F7831C8A7FAE007E81BD /* MotivationAppTests.swift */ = {isa = PBXFileReference; lastKnownFileType = sourcecode.swift; path = MotivationAppTests.swift; sourceTree = "<group>"; };
		4FC3F7851C8A7FAE007E81BD /* Info.plist */ = {isa = PBXFileReference; lastKnownFileType = text.plist.xml; path = Info.plist; sourceTree = "<group>"; };
/* End PBXFileReference section */

/* Begin PBXFrameworksBuildPhase section */
		4FC3F7681C8A7FAE007E81BD /* Frameworks */ = {
			isa = PBXFrameworksBuildPhase;
			buildActionMask = 2147483647;
			files = (
			);
			runOnlyForDeploymentPostprocessing = 0;
		};
		4FC3F77C1C8A7FAE007E81BD /* Frameworks */ = {
			isa = PBXFrameworksBuildPhase;
			buildActionMask = 2147483647;
			files = (
			);
			runOnlyForDeploymentPostprocessing = 0;
		};
/* End PBXFrameworksBuildPhase section */

/* Begin PBXGroup section */
		4FC3F7621C8A7FAD007E81BD = {
			isa = PBXGroup;
			children = (
				4FC3F76D1C8A7FAE007E81BD /* MotivationApp */,
				4FC3F7821C8A7FAE007E81BD /* MotivationAppTests */,
				4FC3F76C1C8A7FAE007E81BD /* Products */,
			);
			sourceTree = "<group>";
		};
		4FC3F76C1C8A7FAE007E81BD /* Products */ = {
			isa = PBXGroup;
			children = (
				4FC3F76B1C8A7FAE007E81BD /* MotivationApp.app */,
				4FC3F77F1C8A7FAE007E81BD /* MotivationAppTests.xctest */,
			);
			name = Products;
			sourceTree = "<group>";
		};
		4FC3F76D1C8A7FAE007E81BD /* MotivationApp */ = {
			isa = PBXGroup;
			children = (
				4FC3F76E1C8A7FAE007E81BD /* AppDelegate.swift */,
				4FC3F7701C8A7FAE007E81BD /* ViewController.swift */,
				4FC3F7721C8A7FAE007E81BD /* Main.storyboard */,
				4FC3F7751C8A7FAE007E81BD /* Assets.xcassets */,
				4FC3F7771C8A7FAE007E81BD /* LaunchScreen.storyboard */,
				4FC3F77A1C8A7FAE007E81BD /* Info.plist */,
			);
			path = MotivationApp;
			sourceTree = "<group>";
		};
		4FC3F7821C8A7FAE007E81BD /* MotivationAppTests */ = {
			isa = PBXGroup;
			children = (
				4FC3F7831C8A7FAE007E81BD /* MotivationAppTests.swift */,
				4FC3F7851C8A7FAE007E81BD /* Info.plist */,
			);
			path = MotivationAppTests;
			sourceTree = "<group>";
		};
/* End PBXGroup section */

/* Begin PBXNativeTarget section */
		4FC3F76A1C8A7FAE007E81BD /* MotivationApp */ = {
			isa = PBXNativeTarget;
			buildConfigurationList = 4FC3F7881C8A7FAE007E81BD /* Build configuration list for PBXNativeTarget "MotivationApp" */;
			buildPhases = (
				4FC3F7671C8A7FAE007E81BD /* Sources */,
				4FC3F7681C8A7FAE007E81BD /* Frameworks */,
				4FC3F7691C8A7FAE007E81BD /* Resources */,
			);
			buildRules = (
			);
			dependencies = (
			);
			name = MotivationApp;
			productName = MotivationApp;
			productReference = 4FC3F76B1C8A7FAE007E81BD /* MotivationApp.app */;
			productType = "com.apple.product-type.application";
		};
		4FC3F77E1C8A7FAE007E81BD /* MotivationAppTests */ = {
			isa = PBXNativeTarget;
			buildConfigurationList = 4FC3F78B1C8A7FAE007E81BD /* Build configuration list for PBXNativeTarget "MotivationAppTests" */;
			buildPhases = (
				4FC3F77B1C8A7FAE007E81BD /* Sources */,
				4FC3F77C1C8A7FAE007E81BD /* Frameworks */,
				4FC3F77D1C8A7FAE007E81BD /* Resources */,
			);
			buildRules = (
			);
			dependencies = (
				4FC3F7811C8A7FAE007E81BD /* PBXTargetDependency */,
			);
			name = MotivationAppTests;
			productName = MotivationAppTests;
			productReference = 4FC3F77F1C8A7FAE007E81BD /* MotivationAppTests.xctest */;
			productType = "com.apple.product-type.bundle.unit-test";
		};
/* End PBXNativeTarget section */

/* Begin PBXProject section */
		4FC3F7631C8A7FAD007E81BD /* Project object */ = {
			isa = PBXProject;
			attributes = {
				LastSwiftUpdateCheck = 0720;
				LastUpgradeCheck = 0720;
				ORGANIZATIONNAME = "Jacqueline Kouri";
				TargetAttributes = {
					4FC3F76A1C8A7FAE007E81BD = {
						CreatedOnToolsVersion = 7.2.1;
						DevelopmentTeam = 36633JRVY3;
					};
					4FC3F77E1C8A7FAE007E81BD = {
						CreatedOnToolsVersion = 7.2.1;
						DevelopmentTeam = 36633JRVY3;
						TestTargetID = 4FC3F76A1C8A7FAE007E81BD;
					};
				};
			};
			buildConfigurationList = 4FC3F7661C8A7FAD007E81BD /* Build configuration list for PBXProject "MotivationApp" */;
			compatibilityVersion = "Xcode 3.2";
			developmentRegion = English;
			hasScannedForEncodings = 0;
			knownRegions = (
				en,
				Base,
			);
			mainGroup = 4FC3F7621C8A7FAD007E81BD;
			productRefGroup = 4FC3F76C1C8A7FAE007E81BD /* Products */;
			projectDirPath = "";
			projectRoot = "";
			targets = (
				4FC3F76A1C8A7FAE007E81BD /* MotivationApp */,
				4FC3F77E1C8A7FAE007E81BD /* MotivationAppTests */,
			);
		};
/* End PBXProject section */

/* Begin PBXResourcesBuildPhase section */
		4FC3F7691C8A7FAE007E81BD /* Resources */ = {
			isa = PBXResourcesBuildPhase;
			buildActionMask = 2147483647;
			files = (
				4FC3F7791C8A7FAE007E81BD /* LaunchScreen.storyboard in Resources */,
				4FC3F7761C8A7FAE007E81BD /* Assets.xcassets in Resources */,
				4FC3F7741C8A7FAE007E81BD /* Main.storyboard in Resources */,
			);
			runOnlyForDeploymentPostprocessing = 0;
		};
		4FC3F77D1C8A7FAE007E81BD /* Resources */ = {
			isa = PBXResourcesBuildPhase;
			buildActionMask = 2147483647;
			files = (
			);
			runOnlyForDeploymentPostprocessing = 0;
		};
/* End PBXResourcesBuildPhase section */

/* Begin PBXSourcesBuildPhase section */
		4FC3F7671C8A7FAE007E81BD /* Sources */ = {
			isa = PBXSourcesBuildPhase;
			buildActionMask = 2147483647;
			files = (
				4FC3F7711C8A7FAE007E81BD /* ViewController.swift in Sources */,
				4FC3F76F1C8A7FAE007E81BD /* AppDelegate.swift in Sources */,
			);
			runOnlyForDeploymentPostprocessing = 0;
		};
		4FC3F77B1C8A7FAE007E81BD /* Sources */ = {
			isa = PBXSourcesBuildPhase;
			buildActionMask = 2147483647;
			files = (
				4FC3F7841C8A7FAE007E81BD /* MotivationAppTests.swift in Sources */,
			);
			runOnlyForDeploymentPostprocessing = 0;
		};
/* End PBXSourcesBuildPhase section */

/* Begin PBXTargetDependency section */
		4FC3F7811C8A7FAE007E81BD /* PBXTargetDependency */ = {
			isa = PBXTargetDependency;
			target = 4FC3F76A1C8A7FAE007E81BD /* MotivationApp */;
			targetProxy = 4FC3F7801C8A7FAE007E81BD /* PBXContainerItemProxy */;
		};
/* End PBXTargetDependency section */

/* Begin PBXVariantGroup section */
		4FC3F7721C8A7FAE007E81BD /* Main.storyboard */ = {
			isa = PBXVariantGroup;
			children = (
				4FC3F7731C8A7FAE007E81BD /* Base */,
			);
			name = Main.storyboard;
			sourceTree = "<group>";
		};
		4FC3F7771C8A7FAE007E81BD /* LaunchScreen.storyboard */ = {
			isa = PBXVariantGroup;
			children = (
				4FC3F7781C8A7FAE007E81BD /* Base */,
			);
			name = LaunchScreen.storyboard;
			sourceTree = "<group>";
		};
/* End PBXVariantGroup section */

/* Begin XCBuildConfiguration section */
		4FC3F7861C8A7FAE007E81BD /* Debug */ = {
			isa = XCBuildConfiguration;
			buildSettings = {
				ALWAYS_SEARCH_USER_PATHS = NO;
				CLANG_CXX_LANGUAGE_STANDARD = "gnu++0x";
				CLANG_CXX_LIBRARY = "libc++";
				CLANG_ENABLE_MODULES = YES;
				CLANG_ENABLE_OBJC_ARC = YES;
				CLANG_WARN_BOOL_CONVERSION = YES;
				CLANG_WARN_CONSTANT_CONVERSION = YES;
				CLANG_WARN_DIRECT_OBJC_ISA_USAGE = YES_ERROR;
				CLANG_WARN_EMPTY_BODY = YES;
				CLANG_WARN_ENUM_CONVERSION = YES;
				CLANG_WARN_INT_CONVERSION = YES;
				CLANG_WARN_OBJC_ROOT_CLASS = YES_ERROR;
				CLANG_WARN_UNREACHABLE_CODE = YES;
				CLANG_WARN__DUPLICATE_METHOD_MATCH = YES;
				"CODE_SIGN_IDENTITY[sdk=iphoneos*]" = "iPhone Developer";
				COPY_PHASE_STRIP = NO;
				DEBUG_INFORMATION_FORMAT = dwarf;
				ENABLE_STRICT_OBJC_MSGSEND = YES;
				ENABLE_TESTABILITY = YES;
				GCC_C_LANGUAGE_STANDARD = gnu99;
				GCC_DYNAMIC_NO_PIC = NO;
				GCC_NO_COMMON_BLOCKS = YES;
				GCC_OPTIMIZATION_LEVEL = 0;
				GCC_PREPROCESSOR_DEFINITIONS = (
					"DEBUG=1",
					"$(inherited)",
				);
				GCC_WARN_64_TO_32_BIT_CONVERSION = YES;
				GCC_WARN_ABOUT_RETURN_TYPE = YES_ERROR;
				GCC_WARN_UNDECLARED_SELECTOR = YES;
				GCC_WARN_UNINITIALIZED_AUTOS = YES_AGGRESSIVE;
				GCC_WARN_UNUSED_FUNCTION = YES;
				GCC_WARN_UNUSED_VARIABLE = YES;
				IPHONEOS_DEPLOYMENT_TARGET = 9.2;
				MTL_ENABLE_DEBUG_INFO = YES;
				ONLY_ACTIVE_ARCH = YES;
				SDKROOT = iphoneos;
				SWIFT_OPTIMIZATION_LEVEL = "-Onone";
				TARGETED_DEVICE_FAMILY = "1,2";
			};
			name = Debug;
		};
		4FC3F7871C8A7FAE007E81BD /* Release */ = {
			isa = XCBuildConfiguration;
			buildSettings = {
				ALWAYS_SEARCH_USER_PATHS = NO;
				CLANG_CXX_LANGUAGE_STANDARD = "gnu++0x";
				CLANG_CXX_LIBRARY = "libc++";
				CLANG_ENABLE_MODULES = YES;
				CLANG_ENABLE_OBJC_ARC = YES;
				CLANG_WARN_BOOL_CONVERSION = YES;
				CLANG_WARN_CONSTANT_CONVERSION = YES;
				CLANG_WARN_DIRECT_OBJC_ISA_USAGE = YES_ERROR;
				CLANG_WARN_EMPTY_BODY = YES;
				CLANG_WARN_ENUM_CONVERSION = YES;
				CLANG_WARN_INT_CONVERSION = YES;
				CLANG_WARN_OBJC_ROOT_CLASS = YES_ERROR;
				CLANG_WARN_UNREACHABLE_CODE = YES;
				CLANG_WARN__DUPLICATE_METHOD_MATCH = YES;
				"CODE_SIGN_IDENTITY[sdk=iphoneos*]" = "iPhone Developer";
				COPY_PHASE_STRIP = NO;
				DEBUG_INFORMATION_FORMAT = "dwarf-with-dsym";
				ENABLE_NS_ASSERTIONS = NO;
				ENABLE_STRICT_OBJC_MSGSEND = YES;
				GCC_C_LANGUAGE_STANDARD = gnu99;
				GCC_NO_COMMON_BLOCKS = YES;
				GCC_WARN_64_TO_32_BIT_CONVERSION = YES;
				GCC_WARN_ABOUT_RETURN_TYPE = YES_ERROR;
				GCC_WARN_UNDECLARED_SELECTOR = YES;
				GCC_WARN_UNINITIALIZED_AUTOS = YES_AGGRESSIVE;
				GCC_WARN_UNUSED_FUNCTION = YES;
				GCC_WARN_UNUSED_VARIABLE = YES;
				IPHONEOS_DEPLOYMENT_TARGET = 9.2;
				MTL_ENABLE_DEBUG_INFO = NO;
				SDKROOT = iphoneos;
				TARGETED_DEVICE_FAMILY = "1,2";
				VALIDATE_PRODUCT = YES;
			};
			name = Release;
		};
		4FC3F7891C8A7FAE007E81BD /* Debug */ = {
			isa = XCBuildConfiguration;
			buildSettings = {
				ASSETCATALOG_COMPILER_APPICON_NAME = AppIcon;
				INFOPLIST_FILE = MotivationApp/Info.plist;
				LD_RUNPATH_SEARCH_PATHS = "$(inherited) @executable_path/Frameworks";
				PRODUCT_BUNDLE_IDENTIFIER = com.virginia.edu.MotivationApp;
				PRODUCT_NAME = "$(TARGET_NAME)";
			};
			name = Debug;
		};
		4FC3F78A1C8A7FAE007E81BD /* Release */ = {
			isa = XCBuildConfiguration;
			buildSettings = {
				ASSETCATALOG_COMPILER_APPICON_NAME = AppIcon;
				INFOPLIST_FILE = MotivationApp/Info.plist;
				LD_RUNPATH_SEARCH_PATHS = "$(inherited) @executable_path/Frameworks";
				PRODUCT_BUNDLE_IDENTIFIER = com.virginia.edu.MotivationApp;
				PRODUCT_NAME = "$(TARGET_NAME)";
			};
			name = Release;
		};
		4FC3F78C1C8A7FAE007E81BD /* Debug */ = {
			isa = XCBuildConfiguration;
			buildSettings = {
				BUNDLE_LOADER = "$(TEST_HOST)";
				INFOPLIST_FILE = MotivationAppTests/Info.plist;
				LD_RUNPATH_SEARCH_PATHS = "$(inherited) @executable_path/Frameworks @loader_path/Frameworks";
				PRODUCT_BUNDLE_IDENTIFIER = com.virginia.edu.MotivationAppTests;
				PRODUCT_NAME = "$(TARGET_NAME)";
				TEST_HOST = "$(BUILT_PRODUCTS_DIR)/MotivationApp.app/MotivationApp";
			};
			name = Debug;
		};
		4FC3F78D1C8A7FAE007E81BD /* Release */ = {
			isa = XCBuildConfiguration;
			buildSettings = {
				BUNDLE_LOADER = "$(TEST_HOST)";
				INFOPLIST_FILE = MotivationAppTests/Info.plist;
				LD_RUNPATH_SEARCH_PATHS = "$(inherited) @executable_path/Frameworks @loader_path/Frameworks";
				PRODUCT_BUNDLE_IDENTIFIER = com.virginia.edu.MotivationAppTests;
				PRODUCT_NAME = "$(TARGET_NAME)";
				TEST_HOST = "$(BUILT_PRODUCTS_DIR)/MotivationApp.app/MotivationApp";
			};
			name = Release;
		};
/* End XCBuildConfiguration section */

/* Begin XCConfigurationList section */
		4FC3F7661C8A7FAD007E81BD /* Build configuration list for PBXProject "MotivationApp" */ = {
			isa = XCConfigurationList;
			buildConfigurations = (
				4FC3F7861C8A7FAE007E81BD /* Debug */,
				4FC3F7871C8A7FAE007E81BD /* Release */,
			);
			defaultConfigurationIsVisible = 0;
			defaultConfigurationName = Release;
		};
		4FC3F7881C8A7FAE007E81BD /* Build configuration list for PBXNativeTarget "MotivationApp" */ = {
			isa = XCConfigurationList;
			buildConfigurations = (
				4FC3F7891C8A7FAE007E81BD /* Debug */,
				4FC3F78A1C8A7FAE007E81BD /* Release */,
			);
			defaultConfigurationIsVisible = 0;
		};
		4FC3F78B1C8A7FAE007E81BD /* Build configuration list for PBXNativeTarget "MotivationAppTests" */ = {
			isa = XCConfigurationList;
			buildConfigurations = (
				4FC3F78C1C8A7FAE007E81BD /* Debug */,
				4FC3F78D1C8A7FAE007E81BD /* Release */,
			);
			defaultConfigurationIsVisible = 0;
		};
/* End XCConfigurationList section */
	};
	rootObject = 4FC3F7631C8A7FAD007E81BD /* Project object */;
}
